
Microsoft Visual Studio Solution File, Format Version 12.00
# Visual Studio Version 17
VisualStudioVersion = 17.14.36518.9
MinimumVisualStudioVersion = 10.0.40219.1
Project("{FAE04EC0-301F-11D3-BF4B-00C04F79EFBC}") = "DotNet.FileService.Api", "src\DotNet.FileService.Api\DotNet.FileService.Api.csproj", "{AA23DD3D-23EC-CEB1-F75D-F1836D3C35DA}"
EndProject
Project("{FAE04EC0-301F-11D3-BF4B-00C04F79EFBC}") = "DotNet.FileService.Api.Models", "src\DotNet.FileService.Api.Models\DotNet.FileService.Api.Models.csproj", "{2EE5D5FB-F02F-49BF-9344-0E5726ED99BB}"
EndProject
Project("{FAE04EC0-301F-11D3-BF4B-00C04F79EFBC}") = "DotNet.FileService.Api.Infrastructure", "src\DotNet.FileService.Api.Infrastructure\DotNet.FileService.Api.Infrastructure.csproj", "{0F041DCC-936F-4EE9-AFBC-C3C76C6D0C0D}"
EndProject
Project("{2150E333-8FDC-42A3-9474-1A3956D46DE8}") = "Solution Items", "Solution Items", "{8EC462FD-D22E-90A8-E5CE-7E832BA40C5D}"
	ProjectSection(SolutionItems) = preProject
		.editorconfig = .editorconfig
		.gitignore = .gitignore
		Directory.Build.props = Directory.Build.props
		README.md = README.md
	EndProjectSection
EndProject
Project("{2150E333-8FDC-42A3-9474-1A3956D46DE8}") = "deploy", "deploy", "{02EA681E-C7D8-13C7-8484-4AC65E1B71E8}"
EndProject
Project("{2150E333-8FDC-42A3-9474-1A3956D46DE8}") = "src", "src", "{AF75EA20-90CB-41AE-AAA4-0E0FA7BD174E}"
EndProject
Project("{2150E333-8FDC-42A3-9474-1A3956D46DE8}") = "test", "test", "{6C025242-D91F-48EE-86D0-62078F3219EC}"
EndProject
Project("{FAE04EC0-301F-11D3-BF4B-00C04F79EFBC}") = "DotNet.FileService.Api.Client", "src\DotNet.FileService.Api.Client\DotNet.FileService.Api.Client.csproj", "{77A69DF0-2510-421D-B6E6-D237967E4B73}"
EndProject
Project("{2150E333-8FDC-42A3-9474-1A3956D46DE8}") = ".github", ".github", "{01620489-7378-4B98-8E4B-4F31B49B953E}"
EndProject
Project("{2150E333-8FDC-42A3-9474-1A3956D46DE8}") = "workflows", "workflows", "{4F85C74A-5AC3-4D93-8A0C-A18A1CC2DDBA}"
	ProjectSection(SolutionItems) = preProject
		.github\workflows\deploy_apps_pipeline.yml = .github\workflows\deploy_apps_pipeline.yml
		.github\workflows\deploy_apps_template.yml = .github\workflows\deploy_apps_template.yml
		.github\workflows\deploy_infrastructure_pipeline.yml = .github\workflows\deploy_infrastructure_pipeline.yml
		.github\workflows\deploy_infrastructure_template.yml = .github\workflows\deploy_infrastructure_template.yml
	EndProjectSection
EndProject
Project("{2150E333-8FDC-42A3-9474-1A3956D46DE8}") = "bicep", "bicep", "{8A6B4245-ED79-43F2-A0DC-0E5A4E6C9C82}"
	ProjectSection(SolutionItems) = preProject
		deploy\bicep\main.bicep = deploy\bicep\main.bicep
	EndProjectSection
EndProject
Project("{2150E333-8FDC-42A3-9474-1A3956D46DE8}") = "modules", "modules", "{97C306F0-B32E-40D2-BC08-CFE63A7883A6}"
	ProjectSection(SolutionItems) = preProject
		deploy\bicep\modules\createResourceGroup.bicep = deploy\bicep\modules\createResourceGroup.bicep
	EndProjectSection
EndProject
Project("{2150E333-8FDC-42A3-9474-1A3956D46DE8}") = "roles-and-auth", "roles-and-auth", "{1C60077E-626C-4E83-BD67-EE3EBDEA89EA}"
	ProjectSection(SolutionItems) = preProject
		deploy\roles-and-auth\add-developer-access.ps1 = deploy\roles-and-auth\add-developer-access.ps1
		deploy\roles-and-auth\auth-utils.ps1 = deploy\roles-and-auth\auth-utils.ps1
		deploy\roles-and-auth\create-app-registration.ps1 = deploy\roles-and-auth\create-app-registration.ps1
		deploy\roles-and-auth\create-swagger-registration.ps1 = deploy\roles-and-auth\create-swagger-registration.ps1
		deploy\roles-and-auth\main-roles.ps1 = deploy\roles-and-auth\main-roles.ps1
		deploy\roles-and-auth\roles.json = deploy\roles-and-auth\roles.json
		deploy\roles-and-auth\set-storage-secret-in-keyvault.ps1 = deploy\roles-and-auth\set-storage-secret-in-keyvault.ps1
	EndProjectSection
EndProject
Global
	GlobalSection(SolutionConfigurationPlatforms) = preSolution
		Debug|Any CPU = Debug|Any CPU
		Release|Any CPU = Release|Any CPU
	EndGlobalSection
	GlobalSection(ProjectConfigurationPlatforms) = postSolution
		{AA23DD3D-23EC-CEB1-F75D-F1836D3C35DA}.Debug|Any CPU.ActiveCfg = Debug|Any CPU
		{AA23DD3D-23EC-CEB1-F75D-F1836D3C35DA}.Debug|Any CPU.Build.0 = Debug|Any CPU
		{AA23DD3D-23EC-CEB1-F75D-F1836D3C35DA}.Release|Any CPU.ActiveCfg = Release|Any CPU
		{AA23DD3D-23EC-CEB1-F75D-F1836D3C35DA}.Release|Any CPU.Build.0 = Release|Any CPU
		{2EE5D5FB-F02F-49BF-9344-0E5726ED99BB}.Debug|Any CPU.ActiveCfg = Debug|Any CPU
		{2EE5D5FB-F02F-49BF-9344-0E5726ED99BB}.Debug|Any CPU.Build.0 = Debug|Any CPU
		{2EE5D5FB-F02F-49BF-9344-0E5726ED99BB}.Release|Any CPU.ActiveCfg = Release|Any CPU
		{2EE5D5FB-F02F-49BF-9344-0E5726ED99BB}.Release|Any CPU.Build.0 = Release|Any CPU
		{0F041DCC-936F-4EE9-AFBC-C3C76C6D0C0D}.Debug|Any CPU.ActiveCfg = Debug|Any CPU
		{0F041DCC-936F-4EE9-AFBC-C3C76C6D0C0D}.Debug|Any CPU.Build.0 = Debug|Any CPU
		{0F041DCC-936F-4EE9-AFBC-C3C76C6D0C0D}.Release|Any CPU.ActiveCfg = Release|Any CPU
		{0F041DCC-936F-4EE9-AFBC-C3C76C6D0C0D}.Release|Any CPU.Build.0 = Release|Any CPU
		{77A69DF0-2510-421D-B6E6-D237967E4B73}.Debug|Any CPU.ActiveCfg = Debug|Any CPU
		{77A69DF0-2510-421D-B6E6-D237967E4B73}.Debug|Any CPU.Build.0 = Debug|Any CPU
		{77A69DF0-2510-421D-B6E6-D237967E4B73}.Release|Any CPU.ActiveCfg = Release|Any CPU
		{77A69DF0-2510-421D-B6E6-D237967E4B73}.Release|Any CPU.Build.0 = Release|Any CPU
	EndGlobalSection
	GlobalSection(SolutionProperties) = preSolution
		HideSolutionNode = FALSE
	EndGlobalSection
	GlobalSection(NestedProjects) = preSolution
		{AA23DD3D-23EC-CEB1-F75D-F1836D3C35DA} = {AF75EA20-90CB-41AE-AAA4-0E0FA7BD174E}
		{2EE5D5FB-F02F-49BF-9344-0E5726ED99BB} = {AF75EA20-90CB-41AE-AAA4-0E0FA7BD174E}
		{0F041DCC-936F-4EE9-AFBC-C3C76C6D0C0D} = {AF75EA20-90CB-41AE-AAA4-0E0FA7BD174E}
		{77A69DF0-2510-421D-B6E6-D237967E4B73} = {AF75EA20-90CB-41AE-AAA4-0E0FA7BD174E}
		{4F85C74A-5AC3-4D93-8A0C-A18A1CC2DDBA} = {01620489-7378-4B98-8E4B-4F31B49B953E}
		{8A6B4245-ED79-43F2-A0DC-0E5A4E6C9C82} = {02EA681E-C7D8-13C7-8484-4AC65E1B71E8}
		{97C306F0-B32E-40D2-BC08-CFE63A7883A6} = {8A6B4245-ED79-43F2-A0DC-0E5A4E6C9C82}
		{1C60077E-626C-4E83-BD67-EE3EBDEA89EA} = {02EA681E-C7D8-13C7-8484-4AC65E1B71E8}
	EndGlobalSection
	GlobalSection(ExtensibilityGlobals) = postSolution
		SolutionGuid = {3611093F-0390-4AA2-A142-7C1DF05A3853}
	EndGlobalSection
EndGlobal
